// !$*UTF8*$!
{
	archiveVersion = 1;
	classes = {
	};
	objectVersion = 55;
	objects = {

/* Begin PBXBuildFile section */
		19F0959928519A93009F5444 /* CreateMLprojectApp.swift in Sources */ = {isa = PBXBuildFile; fileRef = 19F0959828519A93009F5444 /* CreateMLprojectApp.swift */; };
		19F0959B28519A93009F5444 /* ContentView.swift in Sources */ = {isa = PBXBuildFile; fileRef = 19F0959A28519A93009F5444 /* ContentView.swift */; };
		19F0959D28519A93009F5444 /* Assets.xcassets in Resources */ = {isa = PBXBuildFile; fileRef = 19F0959C28519A93009F5444 /* Assets.xcassets */; };
		19F095A028519A93009F5444 /* Preview Assets.xcassets in Resources */ = {isa = PBXBuildFile; fileRef = 19F0959F28519A93009F5444 /* Preview Assets.xcassets */; };
		19F095AA28519A94009F5444 /* CreateMLprojectTests.swift in Sources */ = {isa = PBXBuildFile; fileRef = 19F095A928519A94009F5444 /* CreateMLprojectTests.swift */; };
		19F095B428519A94009F5444 /* CreateMLprojectUITests.swift in Sources */ = {isa = PBXBuildFile; fileRef = 19F095B328519A94009F5444 /* CreateMLprojectUITests.swift */; };
		19F095B628519A94009F5444 /* CreateMLprojectUITestsLaunchTests.swift in Sources */ = {isa = PBXBuildFile; fileRef = 19F095B528519A94009F5444 /* CreateMLprojectUITestsLaunchTests.swift */; };
/* End PBXBuildFile section */

/* Begin PBXContainerItemProxy section */
		19F095A628519A94009F5444 /* PBXContainerItemProxy */ = {
			isa = PBXContainerItemProxy;
			containerPortal = 19F0958D28519A92009F5444 /* Project object */;
			proxyType = 1;
			remoteGlobalIDString = 19F0959428519A93009F5444;
			remoteInfo = CreateMLproject;
		};
		19F095B028519A94009F5444 /* PBXContainerItemProxy */ = {
			isa = PBXContainerItemProxy;
			containerPortal = 19F0958D28519A92009F5444 /* Project object */;
			proxyType = 1;
			remoteGlobalIDString = 19F0959428519A93009F5444;
			remoteInfo = CreateMLproject;
		};
/* End PBXContainerItemProxy section */

/* Begin PBXFileReference section */
		19F0959528519A93009F5444 /* CreateMLproject.app */ = {isa = PBXFileReference; explicitFileType = wrapper.application; includeInIndex = 0; path = CreateMLproject.app; sourceTree = BUILT_PRODUCTS_DIR; };
		19F0959828519A93009F5444 /* CreateMLprojectApp.swift */ = {isa = PBXFileReference; lastKnownFileType = sourcecode.swift; path = CreateMLprojectApp.swift; sourceTree = "<group>"; };
		19F0959A28519A93009F5444 /* ContentView.swift */ = {isa = PBXFileReference; lastKnownFileType = sourcecode.swift; path = ContentView.swift; sourceTree = "<group>"; };
		19F0959C28519A93009F5444 /* Assets.xcassets */ = {isa = PBXFileReference; lastKnownFileType = folder.assetcatalog; path = Assets.xcassets; sourceTree = "<group>"; };
		19F0959F28519A93009F5444 /* Preview Assets.xcassets */ = {isa = PBXFileReference; lastKnownFileType = folder.assetcatalog; path = "Preview Assets.xcassets"; sourceTree = "<group>"; };
		19F095A528519A94009F5444 /* CreateMLprojectTests.xctest */ = {isa = PBXFileReference; explicitFileType = wrapper.cfbundle; includeInIndex = 0; path = CreateMLprojectTests.xctest; sourceTree = BUILT_PRODUCTS_DIR; };
		19F095A928519A94009F5444 /* CreateMLprojectTests.swift */ = {isa = PBXFileReference; lastKnownFileType = sourcecode.swift; path = CreateMLprojectTests.swift; sourceTree = "<group>"; };
		19F095AF28519A94009F5444 /* CreateMLprojectUITests.xctest */ = {isa = PBXFileReference; explicitFileType = wrapper.cfbundle; includeInIndex = 0; path = CreateMLprojectUITests.xctest; sourceTree = BUILT_PRODUCTS_DIR; };
		19F095B328519A94009F5444 /* CreateMLprojectUITests.swift */ = {isa = PBXFileReference; lastKnownFileType = sourcecode.swift; path = CreateMLprojectUITests.swift; sourceTree = "<group>"; };
		19F095B528519A94009F5444 /* CreateMLprojectUITestsLaunchTests.swift */ = {isa = PBXFileReference; lastKnownFileType = sourcecode.swift; path = CreateMLprojectUITestsLaunchTests.swift; sourceTree = "<group>"; };
/* End PBXFileReference section */

/* Begin PBXFrameworksBuildPhase section */
		19F0959228519A93009F5444 /* Frameworks */ = {
			isa = PBXFrameworksBuildPhase;
			buildActionMask = 2147483647;
			files = (
			);
			runOnlyForDeploymentPostprocessing = 0;
		};
		19F095A228519A94009F5444 /* Frameworks */ = {
			isa = PBXFrameworksBuildPhase;
			buildActionMask = 2147483647;
			files = (
			);
			runOnlyForDeploymentPostprocessing = 0;
		};
		19F095AC28519A94009F5444 /* Frameworks */ = {
			isa = PBXFrameworksBuildPhase;
			buildActionMask = 2147483647;
			files = (
			);
			runOnlyForDeploymentPostprocessing = 0;
		};
/* End PBXFrameworksBuildPhase section */

/* Begin PBXGroup section */
		19F0958C28519A92009F5444 = {
			isa = PBXGroup;
			children = (
				19F0959728519A93009F5444 /* CreateMLproject */,
				19F095A828519A94009F5444 /* CreateMLprojectTests */,
				19F095B228519A94009F5444 /* CreateMLprojectUITests */,
				19F0959628519A93009F5444 /* Products */,
			);
			sourceTree = "<group>";
		};
		19F0959628519A93009F5444 /* Products */ = {
			isa = PBXGroup;
			children = (
				19F0959528519A93009F5444 /* CreateMLproject.app */,
				19F095A528519A94009F5444 /* CreateMLprojectTests.xctest */,
				19F095AF28519A94009F5444 /* CreateMLprojectUITests.xctest */,
			);
			name = Products;
			sourceTree = "<group>";
		};
		19F0959728519A93009F5444 /* CreateMLproject */ = {
			isa = PBXGroup;
			children = (
				19F0959828519A93009F5444 /* CreateMLprojectApp.swift */,
				19F0959A28519A93009F5444 /* ContentView.swift */,
				19F0959C28519A93009F5444 /* Assets.xcassets */,
				19F0959E28519A93009F5444 /* Preview Content */,
			);
			path = CreateMLproject;
			sourceTree = "<group>";
		};
		19F0959E28519A93009F5444 /* Preview Content */ = {
			isa = PBXGroup;
			children = (
				19F0959F28519A93009F5444 /* Preview Assets.xcassets */,
			);
			path = "Preview Content";
			sourceTree = "<group>";
		};
		19F095A828519A94009F5444 /* CreateMLprojectTests */ = {
			isa = PBXGroup;
			children = (
				19F095A928519A94009F5444 /* CreateMLprojectTests.swift */,
			);
			path = CreateMLprojectTests;
			sourceTree = "<group>";
		};
		19F095B228519A94009F5444 /* CreateMLprojectUITests */ = {
			isa = PBXGroup;
			children = (
				19F095B328519A94009F5444 /* CreateMLprojectUITests.swift */,
				19F095B528519A94009F5444 /* CreateMLprojectUITestsLaunchTests.swift */,
			);
			path = CreateMLprojectUITests;
			sourceTree = "<group>";
		};
/* End PBXGroup section */

/* Begin PBXNativeTarget section */
		19F0959428519A93009F5444 /* CreateMLproject */ = {
			isa = PBXNativeTarget;
			buildConfigurationList = 19F095B928519A94009F5444 /* Build configuration list for PBXNativeTarget "CreateMLproject" */;
			buildPhases = (
				19F0959128519A93009F5444 /* Sources */,
				19F0959228519A93009F5444 /* Frameworks */,
				19F0959328519A93009F5444 /* Resources */,
			);
			buildRules = (
			);
			dependencies = (
			);
			name = CreateMLproject;
			productName = CreateMLproject;
			productReference = 19F0959528519A93009F5444 /* CreateMLproject.app */;
			productType = "com.apple.product-type.application";
		};
		19F095A428519A94009F5444 /* CreateMLprojectTests */ = {
			isa = PBXNativeTarget;
			buildConfigurationList = 19F095BC28519A94009F5444 /* Build configuration list for PBXNativeTarget "CreateMLprojectTests" */;
			buildPhases = (
				19F095A128519A94009F5444 /* Sources */,
				19F095A228519A94009F5444 /* Frameworks */,
				19F095A328519A94009F5444 /* Resources */,
			);
			buildRules = (
			);
			dependencies = (
				19F095A728519A94009F5444 /* PBXTargetDependency */,
			);
			name = CreateMLprojectTests;
			productName = CreateMLprojectTests;
			productReference = 19F095A528519A94009F5444 /* CreateMLprojectTests.xctest */;
			productType = "com.apple.product-type.bundle.unit-test";
		};
		19F095AE28519A94009F5444 /* CreateMLprojectUITests */ = {
			isa = PBXNativeTarget;
			buildConfigurationList = 19F095BF28519A94009F5444 /* Build configuration list for PBXNativeTarget "CreateMLprojectUITests" */;
			buildPhases = (
				19F095AB28519A94009F5444 /* Sources */,
				19F095AC28519A94009F5444 /* Frameworks */,
				19F095AD28519A94009F5444 /* Resources */,
			);
			buildRules = (
			);
			dependencies = (
				19F095B128519A94009F5444 /* PBXTargetDependency */,
			);
			name = CreateMLprojectUITests;
			productName = CreateMLprojectUITests;
			productReference = 19F095AF28519A94009F5444 /* CreateMLprojectUITests.xctest */;
			productType = "com.apple.product-type.bundle.ui-testing";
		};
/* End PBXNativeTarget section */

/* Begin PBXProject section */
		19F0958D28519A92009F5444 /* Project object */ = {
			isa = PBXProject;
			attributes = {
				BuildIndependentTargetsInParallel = 1;
				LastSwiftUpdateCheck = 1340;
				LastUpgradeCheck = 1340;
				TargetAttributes = {
					19F0959428519A93009F5444 = {
						CreatedOnToolsVersion = 13.4.1;
					};
					19F095A428519A94009F5444 = {
						CreatedOnToolsVersion = 13.4.1;
						TestTargetID = 19F0959428519A93009F5444;
					};
					19F095AE28519A94009F5444 = {
						CreatedOnToolsVersion = 13.4.1;
						TestTargetID = 19F0959428519A93009F5444;
					};
				};
			};
			buildConfigurationList = 19F0959028519A92009F5444 /* Build configuration list for PBXProject "CreateMLproject" */;
			compatibilityVersion = "Xcode 13.0";
			developmentRegion = en;
			hasScannedForEncodings = 0;
			knownRegions = (
				en,
				Base,
			);
			mainGroup = 19F0958C28519A92009F5444;
			productRefGroup = 19F0959628519A93009F5444 /* Products */;
			projectDirPath = "";
			projectRoot = "";
			targets = (
				19F0959428519A93009F5444 /* CreateMLproject */,
				19F095A428519A94009F5444 /* CreateMLprojectTests */,
				19F095AE28519A94009F5444 /* CreateMLprojectUITests */,
			);
		};
/* End PBXProject section */

/* Begin PBXResourcesBuildPhase section */
		19F0959328519A93009F5444 /* Resources */ = {
			isa = PBXResourcesBuildPhase;
			buildActionMask = 2147483647;
			files = (
				19F095A028519A93009F5444 /* Preview Assets.xcassets in Resources */,
				19F0959D28519A93009F5444 /* Assets.xcassets in Resources */,
			);
			runOnlyForDeploymentPostprocessing = 0;
		};
		19F095A328519A94009F5444 /* Resources */ = {
			isa = PBXResourcesBuildPhase;
			buildActionMask = 2147483647;
			files = (
			);
			runOnlyForDeploymentPostprocessing = 0;
		};
		19F095AD28519A94009F5444 /* Resources */ = {
			isa = PBXResourcesBuildPhase;
			buildActionMask = 2147483647;
			files = (
			);
			runOnlyForDeploymentPostprocessing = 0;
		};
/* End PBXResourcesBuildPhase section */

/* Begin PBXSourcesBuildPhase section */
		19F0959128519A93009F5444 /* Sources */ = {
			isa = PBXSourcesBuildPhase;
			buildActionMask = 2147483647;
			files = (
				19F0959B28519A93009F5444 /* ContentView.swift in Sources */,
				19F0959928519A93009F5444 /* CreateMLprojectApp.swift in Sources */,
			);
			runOnlyForDeploymentPostprocessing = 0;
		};
		19F095A128519A94009F5444 /* Sources */ = {
			isa = PBXSourcesBuildPhase;
			buildActionMask = 2147483647;
			files = (
				19F095AA28519A94009F5444 /* CreateMLprojectTests.swift in Sources */,
			);
			runOnlyForDeploymentPostprocessing = 0;
		};
		19F095AB28519A94009F5444 /* Sources */ = {
			isa = PBXSourcesBuildPhase;
			buildActionMask = 2147483647;
			files = (
				19F095B428519A94009F5444 /* CreateMLprojectUITests.swift in Sources */,
				19F095B628519A94009F5444 /* CreateMLprojectUITestsLaunchTests.swift in Sources */,
			);
			runOnlyForDeploymentPostprocessing = 0;
		};
/* End PBXSourcesBuildPhase section */

/* Begin PBXTargetDependency section */
		19F095A728519A94009F5444 /* PBXTargetDependency */ = {
			isa = PBXTargetDependency;
			target = 19F0959428519A93009F5444 /* CreateMLproject */;
			targetProxy = 19F095A628519A94009F5444 /* PBXContainerItemProxy */;
		};
		19F095B128519A94009F5444 /* PBXTargetDependency */ = {
			isa = PBXTargetDependency;
			target = 19F0959428519A93009F5444 /* CreateMLproject */;
			targetProxy = 19F095B028519A94009F5444 /* PBXContainerItemProxy */;
		};
/* End PBXTargetDependency section */

/* Begin XCBuildConfiguration section */
		19F095B728519A94009F5444 /* Debug */ = {
			isa = XCBuildConfiguration;
			buildSettings = {
				ALWAYS_SEARCH_USER_PATHS = NO;
				CLANG_ANALYZER_NONNULL = YES;
				CLANG_ANALYZER_NUMBER_OBJECT_CONVERSION = YES_AGGRESSIVE;
				CLANG_CXX_LANGUAGE_STANDARD = "gnu++17";
				CLANG_ENABLE_MODULES = YES;
				CLANG_ENABLE_OBJC_ARC = YES;
				CLANG_ENABLE_OBJC_WEAK = YES;
				CLANG_WARN_BLOCK_CAPTURE_AUTORELEASING = YES;
				CLANG_WARN_BOOL_CONVERSION = YES;
				CLANG_WARN_COMMA = YES;
				CLANG_WARN_CONSTANT_CONVERSION = YES;
				CLANG_WARN_DEPRECATED_OBJC_IMPLEMENTATIONS = YES;
				CLANG_WARN_DIRECT_OBJC_ISA_USAGE = YES_ERROR;
				CLANG_WARN_DOCUMENTATION_COMMENTS = YES;
				CLANG_WARN_EMPTY_BODY = YES;
				CLANG_WARN_ENUM_CONVERSION = YES;
				CLANG_WARN_INFINITE_RECURSION = YES;
				CLANG_WARN_INT_CONVERSION = YES;
				CLANG_WARN_NON_LITERAL_NULL_CONVERSION = YES;
				CLANG_WARN_OBJC_IMPLICIT_RETAIN_SELF = YES;
				CLANG_WARN_OBJC_LITERAL_CONVERSION = YES;
				CLANG_WARN_OBJC_ROOT_CLASS = YES_ERROR;
				CLANG_WARN_QUOTED_INCLUDE_IN_FRAMEWORK_HEADER = YES;
				CLANG_WARN_RANGE_LOOP_ANALYSIS = YES;
				CLANG_WARN_STRICT_PROTOTYPES = YES;
				CLANG_WARN_SUSPICIOUS_MOVE = YES;
				CLANG_WARN_UNGUARDED_AVAILABILITY = YES_AGGRESSIVE;
				CLANG_WARN_UNREACHABLE_CODE = YES;
				CLANG_WARN__DUPLICATE_METHOD_MATCH = YES;
				COPY_PHASE_STRIP = NO;
				DEBUG_INFORMATION_FORMAT = dwarf;
				ENABLE_STRICT_OBJC_MSGSEND = YES;
				ENABLE_TESTABILITY = YES;
				GCC_C_LANGUAGE_STANDARD = gnu11;
				GCC_DYNAMIC_NO_PIC = NO;
				GCC_NO_COMMON_BLOCKS = YES;
				GCC_OPTIMIZATION_LEVEL = 0;
				GCC_PREPROCESSOR_DEFINITIONS = (
					"DEBUG=1",
					"$(inherited)",
				);
				GCC_WARN_64_TO_32_BIT_CONVERSION = YES;
				GCC_WARN_ABOUT_RETURN_TYPE = YES_ERROR;
				GCC_WARN_UNDECLARED_SELECTOR = YES;
				GCC_WARN_UNINITIALIZED_AUTOS = YES_AGGRESSIVE;
				GCC_WARN_UNUSED_FUNCTION = YES;
				GCC_WARN_UNUSED_VARIABLE = YES;
				IPHONEOS_DEPLOYMENT_TARGET = 15.5;
				MTL_ENABLE_DEBUG_INFO = INCLUDE_SOURCE;
				MTL_FAST_MATH = YES;
				ONLY_ACTIVE_ARCH = YES;
				SDKROOT = iphoneos;
				SWIFT_ACTIVE_COMPILATION_CONDITIONS = DEBUG;
				SWIFT_OPTIMIZATION_LEVEL = "-Onone";
			};
			name = Debug;
		};
		19F095B828519A94009F5444 /* Release */ = {
			isa = XCBuildConfiguration;
			buildSettings = {
				ALWAYS_SEARCH_USER_PATHS = NO;
				CLANG_ANALYZER_NONNULL = YES;
				CLANG_ANALYZER_NUMBER_OBJECT_CONVERSION = YES_AGGRESSIVE;
				CLANG_CXX_LANGUAGE_STANDARD = "gnu++17";
				CLANG_ENABLE_MODULES = YES;
				CLANG_ENABLE_OBJC_ARC = YES;
				CLANG_ENABLE_OBJC_WEAK = YES;
				CLANG_WARN_BLOCK_CAPTURE_AUTORELEASING = YES;
				CLANG_WARN_BOOL_CONVERSION = YES;
				CLANG_WARN_COMMA = YES;
				CLANG_WARN_CONSTANT_CONVERSION = YES;
				CLANG_WARN_DEPRECATED_OBJC_IMPLEMENTATIONS = YES;
				CLANG_WARN_DIRECT_OBJC_ISA_USAGE = YES_ERROR;
				CLANG_WARN_DOCUMENTATION_COMMENTS = YES;
				CLANG_WARN_EMPTY_BODY = YES;
				CLANG_WARN_ENUM_CONVERSION = YES;
				CLANG_WARN_INFINITE_RECURSION = YES;
				CLANG_WARN_INT_CONVERSION = YES;
				CLANG_WARN_NON_LITERAL_NULL_CONVERSION = YES;
				CLANG_WARN_OBJC_IMPLICIT_RETAIN_SELF = YES;
				CLANG_WARN_OBJC_LITERAL_CONVERSION = YES;
				CLANG_WARN_OBJC_ROOT_CLASS = YES_ERROR;
				CLANG_WARN_QUOTED_INCLUDE_IN_FRAMEWORK_HEADER = YES;
				CLANG_WARN_RANGE_LOOP_ANALYSIS = YES;
				CLANG_WARN_STRICT_PROTOTYPES = YES;
				CLANG_WARN_SUSPICIOUS_MOVE = YES;
				CLANG_WARN_UNGUARDED_AVAILABILITY = YES_AGGRESSIVE;
				CLANG_WARN_UNREACHABLE_CODE = YES;
				CLANG_WARN__DUPLICATE_METHOD_MATCH = YES;
				COPY_PHASE_STRIP = NO;
				DEBUG_INFORMATION_FORMAT = "dwarf-with-dsym";
				ENABLE_NS_ASSERTIONS = NO;
				ENABLE_STRICT_OBJC_MSGSEND = YES;
				GCC_C_LANGUAGE_STANDARD = gnu11;
				GCC_NO_COMMON_BLOCKS = YES;
				GCC_WARN_64_TO_32_BIT_CONVERSION = YES;
				GCC_WARN_ABOUT_RETURN_TYPE = YES_ERROR;
				GCC_WARN_UNDECLARED_SELECTOR = YES;
				GCC_WARN_UNINITIALIZED_AUTOS = YES_AGGRESSIVE;
				GCC_WARN_UNUSED_FUNCTION = YES;
				GCC_WARN_UNUSED_VARIABLE = YES;
				IPHONEOS_DEPLOYMENT_TARGET = 15.5;
				MTL_ENABLE_DEBUG_INFO = NO;
				MTL_FAST_MATH = YES;
				SDKROOT = iphoneos;
				SWIFT_COMPILATION_MODE = wholemodule;
				SWIFT_OPTIMIZATION_LEVEL = "-O";
				VALIDATE_PRODUCT = YES;
			};
			name = Release;
		};
		19F095BA28519A94009F5444 /* Debug */ = {
			isa = XCBuildConfiguration;
			buildSettings = {
				ASSETCATALOG_COMPILER_APPICON_NAME = AppIcon;
				ASSETCATALOG_COMPILER_GLOBAL_ACCENT_COLOR_NAME = AccentColor;
				CODE_SIGN_STYLE = Automatic;
				CURRENT_PROJECT_VERSION = 1;
				DEVELOPMENT_ASSET_PATHS = "\"CreateMLproject/Preview Content\"";
				DEVELOPMENT_TEAM = U9G7HV484L;
				ENABLE_PREVIEWS = YES;
				GENERATE_INFOPLIST_FILE = YES;
				INFOPLIST_KEY_UIApplicationSceneManifest_Generation = YES;
				INFOPLIST_KEY_UIApplicationSupportsIndirectInputEvents = YES;
				INFOPLIST_KEY_UILaunchScreen_Generation = YES;
				INFOPLIST_KEY_UISupportedInterfaceOrientations_iPad = "UIInterfaceOrientationPortrait UIInterfaceOrientationPortraitUpsideDown UIInterfaceOrientationLandscapeLeft UIInterfaceOrientationLandscapeRight";
				INFOPLIST_KEY_UISupportedInterfaceOrientations_iPhone = "UIInterfaceOrientationPortrait UIInterfaceOrientationLandscapeLeft UIInterfaceOrientationLandscapeRight";
				LD_RUNPATH_SEARCH_PATHS = (
					"$(inherited)",
					"@executable_path/Frameworks",
				);
				MARKETING_VERSION = 1.0;
				PRODUCT_BUNDLE_IDENTIFIER = asynchproject.CreateMLproject;
				PRODUCT_NAME = "$(TARGET_NAME)";
				SWIFT_EMIT_LOC_STRINGS = YES;
				SWIFT_VERSION = 5.0;
				TARGETED_DEVICE_FAMILY = "1,2";
			};
			name = Debug;
		};
		19F095BB28519A94009F5444 /* Release */ = {
			isa = XCBuildConfiguration;
			buildSettings = {
				ASSETCATALOG_COMPILER_APPICON_NAME = AppIcon;
				ASSETCATALOG_COMPILER_GLOBAL_ACCENT_COLOR_NAME = AccentColor;
				CODE_SIGN_STYLE = Automatic;
				CURRENT_PROJECT_VERSION = 1;
				DEVELOPMENT_ASSET_PATHS = "\"CreateMLproject/Preview Content\"";
				DEVELOPMENT_TEAM = U9G7HV484L;
				ENABLE_PREVIEWS = YES;
				GENERATE_INFOPLIST_FILE = YES;
				INFOPLIST_KEY_UIApplicationSceneManifest_Generation = YES;
				INFOPLIST_KEY_UIApplicationSupportsIndirectInputEvents = YES;
				INFOPLIST_KEY_UILaunchScreen_Generation = YES;
				INFOPLIST_KEY_UISupportedInterfaceOrientations_iPad = "UIInterfaceOrientationPortrait UIInterfaceOrientationPortraitUpsideDown UIInterfaceOrientationLandscapeLeft UIInterfaceOrientationLandscapeRight";
				INFOPLIST_KEY_UISupportedInterfaceOrientations_iPhone = "UIInterfaceOrientationPortrait UIInterfaceOrientationLandscapeLeft UIInterfaceOrientationLandscapeRight";
				LD_RUNPATH_SEARCH_PATHS = (
					"$(inherited)",
					"@executable_path/Frameworks",
				);
				MARKETING_VERSION = 1.0;
				PRODUCT_BUNDLE_IDENTIFIER = asynchproject.CreateMLproject;
				PRODUCT_NAME = "$(TARGET_NAME)";
				SWIFT_EMIT_LOC_STRINGS = YES;
				SWIFT_VERSION = 5.0;
				TARGETED_DEVICE_FAMILY = "1,2";
			};
			name = Release;
		};
		19F095BD28519A94009F5444 /* Debug */ = {
			isa = XCBuildConfiguration;
			buildSettings = {
				ALWAYS_EMBED_SWIFT_STANDARD_LIBRARIES = YES;
				BUNDLE_LOADER = "$(TEST_HOST)";
				CODE_SIGN_STYLE = Automatic;
				CURRENT_PROJECT_VERSION = 1;
				DEVELOPMENT_TEAM = U9G7HV484L;
				GENERATE_INFOPLIST_FILE = YES;
				IPHONEOS_DEPLOYMENT_TARGET = 15.5;
				MARKETING_VERSION = 1.0;
				PRODUCT_BUNDLE_IDENTIFIER = asynchproject.CreateMLprojectTests;
				PRODUCT_NAME = "$(TARGET_NAME)";
				SWIFT_EMIT_LOC_STRINGS = NO;
				SWIFT_VERSION = 5.0;
				TARGETED_DEVICE_FAMILY = "1,2";
				TEST_HOST = "$(BUILT_PRODUCTS_DIR)/CreateMLproject.app/CreateMLproject";
			};
			name = Debug;
		};
		19F095BE28519A94009F5444 /* Release */ = {
			isa = XCBuildConfiguration;
			buildSettings = {
				ALWAYS_EMBED_SWIFT_STANDARD_LIBRARIES = YES;
				BUNDLE_LOADER = "$(TEST_HOST)";
				CODE_SIGN_STYLE = Automatic;
				CURRENT_PROJECT_VERSION = 1;
				DEVELOPMENT_TEAM = U9G7HV484L;
				GENERATE_INFOPLIST_FILE = YES;
				IPHONEOS_DEPLOYMENT_TARGET = 15.5;
				MARKETING_VERSION = 1.0;
				PRODUCT_BUNDLE_IDENTIFIER = asynchproject.CreateMLprojectTests;
				PRODUCT_NAME = "$(TARGET_NAME)";
				SWIFT_EMIT_LOC_STRINGS = NO;
				SWIFT_VERSION = 5.0;
				TARGETED_DEVICE_FAMILY = "1,2";
				TEST_HOST = "$(BUILT_PRODUCTS_DIR)/CreateMLproject.app/CreateMLproject";
			};
			name = Release;
		};
		19F095C028519A94009F5444 /* Debug */ = {
			isa = XCBuildConfiguration;
			buildSettings = {
				ALWAYS_EMBED_SWIFT_STANDARD_LIBRARIES = YES;
				CODE_SIGN_STYLE = Automatic;
				CURRENT_PROJECT_VERSION = 1;
				DEVELOPMENT_TEAM = U9G7HV484L;
				GENERATE_INFOPLIST_FILE = YES;
				MARKETING_VERSION = 1.0;
				PRODUCT_BUNDLE_IDENTIFIER = asynchproject.CreateMLprojectUITests;
				PRODUCT_NAME = "$(TARGET_NAME)";
				SWIFT_EMIT_LOC_STRINGS = NO;
				SWIFT_VERSION = 5.0;
				TARGETED_DEVICE_FAMILY = "1,2";
				TEST_TARGET_NAME = CreateMLproject;
			};
			name = Debug;
		};
		19F095C128519A94009F5444 /* Release */ = {
			isa = XCBuildConfiguration;
			buildSettings = {
				ALWAYS_EMBED_SWIFT_STANDARD_LIBRARIES = YES;
				CODE_SIGN_STYLE = Automatic;
				CURRENT_PROJECT_VERSION = 1;
				DEVELOPMENT_TEAM = U9G7HV484L;
				GENERATE_INFOPLIST_FILE = YES;
				MARKETING_VERSION = 1.0;
				PRODUCT_BUNDLE_IDENTIFIER = asynchproject.CreateMLprojectUITests;
				PRODUCT_NAME = "$(TARGET_NAME)";
				SWIFT_EMIT_LOC_STRINGS = NO;
				SWIFT_VERSION = 5.0;
				TARGETED_DEVICE_FAMILY = "1,2";
				TEST_TARGET_NAME = CreateMLproject;
			};
			name = Release;
		};
/* End XCBuildConfiguration section */

/* Begin XCConfigurationList section */
		19F0959028519A92009F5444 /* Build configuration list for PBXProject "CreateMLproject" */ = {
			isa = XCConfigurationList;
			buildConfigurations = (
				19F095B728519A94009F5444 /* Debug */,
				19F095B828519A94009F5444 /* Release */,
			);
			defaultConfigurationIsVisible = 0;
			defaultConfigurationName = Release;
		};
		19F095B928519A94009F5444 /* Build configuration list for PBXNativeTarget "CreateMLproject" */ = {
			isa = XCConfigurationList;
			buildConfigurations = (
				19F095BA28519A94009F5444 /* Debug */,
				19F095BB28519A94009F5444 /* Release */,
			);
			defaultConfigurationIsVisible = 0;
			defaultConfigurationName = Release;
		};
		19F095BC28519A94009F5444 /* Build configuration list for PBXNativeTarget "CreateMLprojectTests" */ = {
			isa = XCConfigurationList;
			buildConfigurations = (
				19F095BD28519A94009F5444 /* Debug */,
				19F095BE28519A94009F5444 /* Release */,
			);
			defaultConfigurationIsVisible = 0;
			defaultConfigurationName = Release;
		};
		19F095BF28519A94009F5444 /* Build configuration list for PBXNativeTarget "CreateMLprojectUITests" */ = {
			isa = XCConfigurationList;
			buildConfigurations = (
				19F095C028519A94009F5444 /* Debug */,
				19F095C128519A94009F5444 /* Release */,
			);
			defaultConfigurationIsVisible = 0;
			defaultConfigurationName = Release;
		};
/* End XCConfigurationList section */
	};
	rootObject = 19F0958D28519A92009F5444 /* Project object */;
}
